
Microsoft Visual Studio Solution File, Format Version 12.00
# Visual Studio Version 17
VisualStudioVersion = 17.4.33110.190
MinimumVisualStudioVersion = 10.0.40219.1
Project("{9A19103F-16F7-4668-BE54-9A1E7A4F7556}") = "Interpreter", "Interpreter\Interpreter.csproj", "{283B5B89-888B-43DA-8388-59DEC381D230}"
EndProject
Project("{2150E333-8FDC-42A3-9474-1A3956D46DE8}") = "Solution Items", "Solution Items", "{3E54432C-7E16-417A-A580-BE0C6A308305}"
	ProjectSection(SolutionItems) = preProject
		.editorconfig = .editorconfig
	EndProjectSection
EndProject
Project("{9A19103F-16F7-4668-BE54-9A1E7A4F7556}") = "Visitor", "Visitor\Visitor.csproj", "{E7BF2419-6417-4DE9-B6F8-9FEC00F3DB6B}"
EndProject
Project("{9A19103F-16F7-4668-BE54-9A1E7A4F7556}") = "Mediator", "Mediator\Mediator.csproj", "{12A33C4A-1962-4AC3-B96E-25820B3E3D1B}"
EndProject
Project("{9A19103F-16F7-4668-BE54-9A1E7A4F7556}") = "Memento", "Memento\Memento.csproj", "{28E1C7C3-A131-429E-B7B8-503CC3831C35}"
EndProject
Project("{9A19103F-16F7-4668-BE54-9A1E7A4F7556}") = "ChainOfResponsibility", "ChainOfResponsibility\ChainOfResponsibility.csproj", "{99675177-9D22-4D41-8827-3969B0155436}"
EndProject
Project("{2150E333-8FDC-42A3-9474-1A3956D46DE8}") = "1-Behavioral", "1-Behavioral", "{5BC424C3-DE64-47F4-8FFE-A8D261154191}"
EndProject
Project("{2150E333-8FDC-42A3-9474-1A3956D46DE8}") = "2-Creational", "2-Creational", "{40E9B90B-F40F-4946-BE47-3EFEDF09DE95}"
EndProject
Project("{2150E333-8FDC-42A3-9474-1A3956D46DE8}") = "3-Structural", "3-Structural", "{23822CA7-D13B-4645-B77F-810B7C8C7E15}"
EndProject
Project("{9A19103F-16F7-4668-BE54-9A1E7A4F7556}") = "State", "State\State.csproj", "{8F39EE89-6A9B-49B8-A284-04BFCB40E14C}"
EndProject
Project("{9A19103F-16F7-4668-BE54-9A1E7A4F7556}") = "Iterator", "Iterator\Iterator.csproj", "{6E8C8B0E-CF83-4C77-8766-B909AAA6CE86}"
EndProject
Project("{9A19103F-16F7-4668-BE54-9A1E7A4F7556}") = "TemplateMethod", "TemplateMethod\TemplateMethod.csproj", "{B13F4A95-3BA9-4791-B18F-958176A7257F}"
EndProject
Project("{9A19103F-16F7-4668-BE54-9A1E7A4F7556}") = "Command", "Command\Command.csproj", "{74CEC8E4-3219-402B-838D-445920FF8FFB}"
EndProject
Project("{9A19103F-16F7-4668-BE54-9A1E7A4F7556}") = "Observer", "Observer\Observer.csproj", "{FB978B0D-527C-46C2-9C6E-02D4EA085E03}"
EndProject
Project("{9A19103F-16F7-4668-BE54-9A1E7A4F7556}") = "Strategy", "Strategy\Strategy.csproj", "{E5C3B1D4-3C73-4031-B866-71AAA7130142}"
EndProject
Project("{9A19103F-16F7-4668-BE54-9A1E7A4F7556}") = "FactoryMethod", "FactoryMethod\FactoryMethod.csproj", "{19B4C5CF-E21B-41AB-939A-E653E4F8D37C}"
EndProject
Project("{9A19103F-16F7-4668-BE54-9A1E7A4F7556}") = "AbstractFactory", "AbstractFactory\AbstractFactory.csproj", "{CBA4E0E4-15ED-4753-82AB-9EC35092B402}"
EndProject
Project("{9A19103F-16F7-4668-BE54-9A1E7A4F7556}") = "Singleton", "Singleton\Singleton.csproj", "{81567838-59F3-49FD-BCCC-452A6A9B59FD}"
EndProject
Project("{9A19103F-16F7-4668-BE54-9A1E7A4F7556}") = "Prototype", "Prototype\Prototype.csproj", "{C5812396-3EE2-4FFD-907D-1C77BDB1A191}"
EndProject
Project("{9A19103F-16F7-4668-BE54-9A1E7A4F7556}") = "Builder", "Builder\Builder.csproj", "{327EC496-99B0-4C56-92AB-B8285C51F619}"
EndProject
Project("{9A19103F-16F7-4668-BE54-9A1E7A4F7556}") = "Decorator", "Decorator\Decorator.csproj", "{F823304D-6CB6-445A-AF38-2E49A7B8D9B9}"
EndProject
Project("{FAE04EC0-301F-11D3-BF4B-00C04F79EFBC}") = "Adapter", "Adapter\Adapter.csproj", "{4F9BAF5A-2598-432A-AC33-494B4E56309A}"
EndProject
Global
	GlobalSection(SolutionConfigurationPlatforms) = preSolution
		Debug|Any CPU = Debug|Any CPU
		Release|Any CPU = Release|Any CPU
	EndGlobalSection
	GlobalSection(ProjectConfigurationPlatforms) = postSolution
		{283B5B89-888B-43DA-8388-59DEC381D230}.Debug|Any CPU.ActiveCfg = Debug|Any CPU
		{283B5B89-888B-43DA-8388-59DEC381D230}.Debug|Any CPU.Build.0 = Debug|Any CPU
		{283B5B89-888B-43DA-8388-59DEC381D230}.Release|Any CPU.ActiveCfg = Release|Any CPU
		{283B5B89-888B-43DA-8388-59DEC381D230}.Release|Any CPU.Build.0 = Release|Any CPU
		{E7BF2419-6417-4DE9-B6F8-9FEC00F3DB6B}.Debug|Any CPU.ActiveCfg = Debug|Any CPU
		{E7BF2419-6417-4DE9-B6F8-9FEC00F3DB6B}.Debug|Any CPU.Build.0 = Debug|Any CPU
		{E7BF2419-6417-4DE9-B6F8-9FEC00F3DB6B}.Release|Any CPU.ActiveCfg = Release|Any CPU
		{E7BF2419-6417-4DE9-B6F8-9FEC00F3DB6B}.Release|Any CPU.Build.0 = Release|Any CPU
		{12A33C4A-1962-4AC3-B96E-25820B3E3D1B}.Debug|Any CPU.ActiveCfg = Debug|Any CPU
		{12A33C4A-1962-4AC3-B96E-25820B3E3D1B}.Debug|Any CPU.Build.0 = Debug|Any CPU
		{12A33C4A-1962-4AC3-B96E-25820B3E3D1B}.Release|Any CPU.ActiveCfg = Release|Any CPU
		{12A33C4A-1962-4AC3-B96E-25820B3E3D1B}.Release|Any CPU.Build.0 = Release|Any CPU
		{28E1C7C3-A131-429E-B7B8-503CC3831C35}.Debug|Any CPU.ActiveCfg = Debug|Any CPU
		{28E1C7C3-A131-429E-B7B8-503CC3831C35}.Debug|Any CPU.Build.0 = Debug|Any CPU
		{28E1C7C3-A131-429E-B7B8-503CC3831C35}.Release|Any CPU.ActiveCfg = Release|Any CPU
		{28E1C7C3-A131-429E-B7B8-503CC3831C35}.Release|Any CPU.Build.0 = Release|Any CPU
		{99675177-9D22-4D41-8827-3969B0155436}.Debug|Any CPU.ActiveCfg = Debug|Any CPU
		{99675177-9D22-4D41-8827-3969B0155436}.Debug|Any CPU.Build.0 = Debug|Any CPU
		{99675177-9D22-4D41-8827-3969B0155436}.Release|Any CPU.ActiveCfg = Release|Any CPU
		{99675177-9D22-4D41-8827-3969B0155436}.Release|Any CPU.Build.0 = Release|Any CPU
		{8F39EE89-6A9B-49B8-A284-04BFCB40E14C}.Debug|Any CPU.ActiveCfg = Debug|Any CPU
		{8F39EE89-6A9B-49B8-A284-04BFCB40E14C}.Debug|Any CPU.Build.0 = Debug|Any CPU
		{8F39EE89-6A9B-49B8-A284-04BFCB40E14C}.Release|Any CPU.ActiveCfg = Release|Any CPU
		{8F39EE89-6A9B-49B8-A284-04BFCB40E14C}.Release|Any CPU.Build.0 = Release|Any CPU
		{6E8C8B0E-CF83-4C77-8766-B909AAA6CE86}.Debug|Any CPU.ActiveCfg = Debug|Any CPU
		{6E8C8B0E-CF83-4C77-8766-B909AAA6CE86}.Debug|Any CPU.Build.0 = Debug|Any CPU
		{6E8C8B0E-CF83-4C77-8766-B909AAA6CE86}.Release|Any CPU.ActiveCfg = Release|Any CPU
		{6E8C8B0E-CF83-4C77-8766-B909AAA6CE86}.Release|Any CPU.Build.0 = Release|Any CPU
		{B13F4A95-3BA9-4791-B18F-958176A7257F}.Debug|Any CPU.ActiveCfg = Debug|Any CPU
		{B13F4A95-3BA9-4791-B18F-958176A7257F}.Debug|Any CPU.Build.0 = Debug|Any CPU
		{B13F4A95-3BA9-4791-B18F-958176A7257F}.Release|Any CPU.ActiveCfg = Release|Any CPU
		{B13F4A95-3BA9-4791-B18F-958176A7257F}.Release|Any CPU.Build.0 = Release|Any CPU
		{74CEC8E4-3219-402B-838D-445920FF8FFB}.Debug|Any CPU.ActiveCfg = Debug|Any CPU
		{74CEC8E4-3219-402B-838D-445920FF8FFB}.Debug|Any CPU.Build.0 = Debug|Any CPU
		{74CEC8E4-3219-402B-838D-445920FF8FFB}.Release|Any CPU.ActiveCfg = Release|Any CPU
		{74CEC8E4-3219-402B-838D-445920FF8FFB}.Release|Any CPU.Build.0 = Release|Any CPU
		{FB978B0D-527C-46C2-9C6E-02D4EA085E03}.Debug|Any CPU.ActiveCfg = Debug|Any CPU
		{FB978B0D-527C-46C2-9C6E-02D4EA085E03}.Debug|Any CPU.Build.0 = Debug|Any CPU
		{FB978B0D-527C-46C2-9C6E-02D4EA085E03}.Release|Any CPU.ActiveCfg = Release|Any CPU
		{FB978B0D-527C-46C2-9C6E-02D4EA085E03}.Release|Any CPU.Build.0 = Release|Any CPU
		{E5C3B1D4-3C73-4031-B866-71AAA7130142}.Debug|Any CPU.ActiveCfg = Debug|Any CPU
		{E5C3B1D4-3C73-4031-B866-71AAA7130142}.Debug|Any CPU.Build.0 = Debug|Any CPU
		{E5C3B1D4-3C73-4031-B866-71AAA7130142}.Release|Any CPU.ActiveCfg = Release|Any CPU
		{E5C3B1D4-3C73-4031-B866-71AAA7130142}.Release|Any CPU.Build.0 = Release|Any CPU
		{19B4C5CF-E21B-41AB-939A-E653E4F8D37C}.Debug|Any CPU.ActiveCfg = Debug|Any CPU
		{19B4C5CF-E21B-41AB-939A-E653E4F8D37C}.Debug|Any CPU.Build.0 = Debug|Any CPU
		{19B4C5CF-E21B-41AB-939A-E653E4F8D37C}.Release|Any CPU.ActiveCfg = Release|Any CPU
		{19B4C5CF-E21B-41AB-939A-E653E4F8D37C}.Release|Any CPU.Build.0 = Release|Any CPU
		{CBA4E0E4-15ED-4753-82AB-9EC35092B402}.Debug|Any CPU.ActiveCfg = Debug|Any CPU
		{CBA4E0E4-15ED-4753-82AB-9EC35092B402}.Debug|Any CPU.Build.0 = Debug|Any CPU
		{CBA4E0E4-15ED-4753-82AB-9EC35092B402}.Release|Any CPU.ActiveCfg = Release|Any CPU
		{CBA4E0E4-15ED-4753-82AB-9EC35092B402}.Release|Any CPU.Build.0 = Release|Any CPU
		{81567838-59F3-49FD-BCCC-452A6A9B59FD}.Debug|Any CPU.ActiveCfg = Debug|Any CPU
		{81567838-59F3-49FD-BCCC-452A6A9B59FD}.Debug|Any CPU.Build.0 = Debug|Any CPU
		{81567838-59F3-49FD-BCCC-452A6A9B59FD}.Release|Any CPU.ActiveCfg = Release|Any CPU
		{81567838-59F3-49FD-BCCC-452A6A9B59FD}.Release|Any CPU.Build.0 = Release|Any CPU
		{C5812396-3EE2-4FFD-907D-1C77BDB1A191}.Debug|Any CPU.ActiveCfg = Debug|Any CPU
		{C5812396-3EE2-4FFD-907D-1C77BDB1A191}.Debug|Any CPU.Build.0 = Debug|Any CPU
		{C5812396-3EE2-4FFD-907D-1C77BDB1A191}.Release|Any CPU.ActiveCfg = Release|Any CPU
		{C5812396-3EE2-4FFD-907D-1C77BDB1A191}.Release|Any CPU.Build.0 = Release|Any CPU
		{327EC496-99B0-4C56-92AB-B8285C51F619}.Debug|Any CPU.ActiveCfg = Debug|Any CPU
		{327EC496-99B0-4C56-92AB-B8285C51F619}.Debug|Any CPU.Build.0 = Debug|Any CPU
		{327EC496-99B0-4C56-92AB-B8285C51F619}.Release|Any CPU.ActiveCfg = Release|Any CPU
		{327EC496-99B0-4C56-92AB-B8285C51F619}.Release|Any CPU.Build.0 = Release|Any CPU
		{F823304D-6CB6-445A-AF38-2E49A7B8D9B9}.Debug|Any CPU.ActiveCfg = Debug|Any CPU
		{F823304D-6CB6-445A-AF38-2E49A7B8D9B9}.Debug|Any CPU.Build.0 = Debug|Any CPU
		{F823304D-6CB6-445A-AF38-2E49A7B8D9B9}.Release|Any CPU.ActiveCfg = Release|Any CPU
		{F823304D-6CB6-445A-AF38-2E49A7B8D9B9}.Release|Any CPU.Build.0 = Release|Any CPU
		{4F9BAF5A-2598-432A-AC33-494B4E56309A}.Debug|Any CPU.ActiveCfg = Debug|Any CPU
		{4F9BAF5A-2598-432A-AC33-494B4E56309A}.Debug|Any CPU.Build.0 = Debug|Any CPU
		{4F9BAF5A-2598-432A-AC33-494B4E56309A}.Release|Any CPU.ActiveCfg = Release|Any CPU
		{4F9BAF5A-2598-432A-AC33-494B4E56309A}.Release|Any CPU.Build.0 = Release|Any CPU
	EndGlobalSection
	GlobalSection(SolutionProperties) = preSolution
		HideSolutionNode = FALSE
	EndGlobalSection
	GlobalSection(NestedProjects) = preSolution
		{283B5B89-888B-43DA-8388-59DEC381D230} = {5BC424C3-DE64-47F4-8FFE-A8D261154191}
		{E7BF2419-6417-4DE9-B6F8-9FEC00F3DB6B} = {5BC424C3-DE64-47F4-8FFE-A8D261154191}
		{12A33C4A-1962-4AC3-B96E-25820B3E3D1B} = {5BC424C3-DE64-47F4-8FFE-A8D261154191}
		{28E1C7C3-A131-429E-B7B8-503CC3831C35} = {5BC424C3-DE64-47F4-8FFE-A8D261154191}
		{99675177-9D22-4D41-8827-3969B0155436} = {5BC424C3-DE64-47F4-8FFE-A8D261154191}
		{8F39EE89-6A9B-49B8-A284-04BFCB40E14C} = {5BC424C3-DE64-47F4-8FFE-A8D261154191}
		{6E8C8B0E-CF83-4C77-8766-B909AAA6CE86} = {5BC424C3-DE64-47F4-8FFE-A8D261154191}
		{B13F4A95-3BA9-4791-B18F-958176A7257F} = {5BC424C3-DE64-47F4-8FFE-A8D261154191}
		{74CEC8E4-3219-402B-838D-445920FF8FFB} = {5BC424C3-DE64-47F4-8FFE-A8D261154191}
		{FB978B0D-527C-46C2-9C6E-02D4EA085E03} = {5BC424C3-DE64-47F4-8FFE-A8D261154191}
		{E5C3B1D4-3C73-4031-B866-71AAA7130142} = {5BC424C3-DE64-47F4-8FFE-A8D261154191}
		{19B4C5CF-E21B-41AB-939A-E653E4F8D37C} = {40E9B90B-F40F-4946-BE47-3EFEDF09DE95}
		{CBA4E0E4-15ED-4753-82AB-9EC35092B402} = {40E9B90B-F40F-4946-BE47-3EFEDF09DE95}
		{81567838-59F3-49FD-BCCC-452A6A9B59FD} = {40E9B90B-F40F-4946-BE47-3EFEDF09DE95}
		{C5812396-3EE2-4FFD-907D-1C77BDB1A191} = {40E9B90B-F40F-4946-BE47-3EFEDF09DE95}
		{327EC496-99B0-4C56-92AB-B8285C51F619} = {40E9B90B-F40F-4946-BE47-3EFEDF09DE95}
		{F823304D-6CB6-445A-AF38-2E49A7B8D9B9} = {23822CA7-D13B-4645-B77F-810B7C8C7E15}
		{4F9BAF5A-2598-432A-AC33-494B4E56309A} = {23822CA7-D13B-4645-B77F-810B7C8C7E15}
	EndGlobalSection
	GlobalSection(ExtensibilityGlobals) = postSolution
		SolutionGuid = {CF8E045F-6C9F-48EC-971D-F765328C8221}
	EndGlobalSection
EndGlobal
